Microsoft Visual Studio Solution File, Format Version 12.00
# Visual Studio Version 17
VisualStudioVersion = 17.5.2.0
MinimumVisualStudioVersion = 10.0.40219.1
Project("{FAE04EC0-301F-11D3-BF4B-00C04F79EFBC}") = "MasjidPlanner.Api", "MasjidPlanner.Api.csproj", "{3683C24E-E2E7-108A-7916-76DE43CF93C8}"
EndProject
Global
	GlobalSection(SolutionConfigurationPlatforms) = preSolution
		Debug|Any CPU = Debug|Any CPU
		Release|Any CPU = Release|Any CPU
	EndGlobalSection
	GlobalSection(ProjectConfigurationPlatforms) = postSolution
		{3683C24E-E2E7-108A-7916-76DE43CF93C8}.Debug|Any CPU.ActiveCfg = Debug|Any CPU
		{3683C24E-E2E7-108A-7916-76DE43CF93C8}.Debug|Any CPU.Build.0 = Debug|Any CPU
		{3683C24E-E2E7-108A-7916-76DE43CF93C8}.Release|Any CPU.ActiveCfg = Release|Any CPU
		{3683C24E-E2E7-108A-7916-76DE43CF93C8}.Release|Any CPU.Build.0 = Release|Any CPU
	EndGlobalSection
	GlobalSection(SolutionProperties) = preSolution
		HideSolutionNode = FALSE
	EndGlobalSection
	GlobalSection(ExtensibilityGlobals) = postSolution
		SolutionGuid = {6BEA8E4C-0E0A-4AB5-AD10-DB1180ACEB7B}
	EndGlobalSection
EndGlobal
